{
  "name": "hello",
  "version": "1.0.0",
  "lockfileVersion": 3,
  "requires": true,
  "packages": {
    "": {
      "name": "hello",
      "version": "1.0.0",
      "license": "ISC",
      "dependencies": {
        "super": "github:eldoy/super"
      }
    },
    "node_modules/super": {
      "version": "1.0.0",
      "resolved": "git+ssh://git@github.com/eldoy/super.git#3101974c5e15ddc9bc5e58c2a860b2a4d6bda5fa",
      "license": "ISC"
    }
  }
}
